
Microsoft Visual Studio Solution File, Format Version 12.00
# Visual Studio Version 17
VisualStudioVersion = 17.14.35906.104 d17.14
MinimumVisualStudioVersion = 10.0.40219.1
Project("{FAE04EC0-301F-11D3-BF4B-00C04F79EFBC}") = "MYPOEPT1", "MYPOEPT1\MYPOEPT1.csproj", "{DCFBEC98-4C17-4583-8B5A-D9CE3A5ED334}"
EndProject
Global
	GlobalSection(SolutionConfigurationPlatforms) = preSolution
		Debug|Any CPU = Debug|Any CPU
		Release|Any CPU = Release|Any CPU
	EndGlobalSection
	GlobalSection(ProjectConfigurationPlatforms) = postSolution
		{DCFBEC98-4C17-4583-8B5A-D9CE3A5ED334}.Debug|Any CPU.ActiveCfg = Debug|Any CPU
		{DCFBEC98-4C17-4583-8B5A-D9CE3A5ED334}.Debug|Any CPU.Build.0 = Debug|Any CPU
		{DCFBEC98-4C17-4583-8B5A-D9CE3A5ED334}.Release|Any CPU.ActiveCfg = Release|Any CPU
		{DCFBEC98-4C17-4583-8B5A-D9CE3A5ED334}.Release|Any CPU.Build.0 = Release|Any CPU
	EndGlobalSection
	GlobalSection(SolutionProperties) = preSolution
		HideSolutionNode = FALSE
	EndGlobalSection
	GlobalSection(ExtensibilityGlobals) = postSolution
		SolutionGuid = {50C20241-025C-48B3-8B01-E966DC427AB7}
	EndGlobalSection
EndGlobal
